
Microsoft Visual Studio Solution File, Format Version 12.00
# Visual Studio 15
VisualStudioVersion = 15.0.28307.1145
MinimumVisualStudioVersion = 10.0.40219.1
Project("{2150E333-8FDC-42A3-9474-1A3956D46DE8}") = "TDonCashless.Services", "Services", "{36CFE829-5CE7-4C51-9467-A41E3F7E31FD}"
EndProject
Project("{FAE04EC0-301F-11D3-BF4B-00C04F79EFBC}") = "TDonCashless.Services.CreateCustomerCardAPI", "Services\TDonCashless.Services.CreateCustomerCardAPI\TDonCashless.Services.CreateCustomerCardAPI.csproj", "{D3DF0E54-7701-42F6-B819-F7A794179808}"
EndProject
Project("{FAE04EC0-301F-11D3-BF4B-00C04F79EFBC}") = "TDonCashless.Services.ValidateCustomerTokenAPI", "Services\TDonCashless.Services.ValidateCustomerTokenAPI\TDonCashless.Services.ValidateCustomerTokenAPI.csproj", "{B258C1C7-F035-42C7-9D48-21032272D181}"
EndProject
Project("{FAE04EC0-301F-11D3-BF4B-00C04F79EFBC}") = "TDonCashless.Domain.Core", "Domain\TDonCashless.Domain.Core.csproj", "{AB207A62-0D69-4DF3-B8D1-1E9B7E5B2521}"
EndProject
Global
	GlobalSection(SolutionProperties) = preSolution
		HideSolutionNode = FALSE
	EndGlobalSection
	GlobalSection(ExtensibilityGlobals) = postSolution
		SolutionGuid = {0B2A5CA1-FFD7-417A-B708-4E9081D4DEBC}
	EndGlobalSection
	GlobalSection(SolutionConfigurationPlatforms) = preSolution
		Debug|Any CPU = Debug|Any CPU
		Debug|x64 = Debug|x64
		Debug|x86 = Debug|x86
		Release|Any CPU = Release|Any CPU
		Release|x64 = Release|x64
		Release|x86 = Release|x86
	EndGlobalSection
	GlobalSection(ProjectConfigurationPlatforms) = postSolution
		{D3DF0E54-7701-42F6-B819-F7A794179808}.Debug|Any CPU.ActiveCfg = Debug|Any CPU
		{D3DF0E54-7701-42F6-B819-F7A794179808}.Debug|Any CPU.Build.0 = Debug|Any CPU
		{D3DF0E54-7701-42F6-B819-F7A794179808}.Debug|x64.ActiveCfg = Debug|Any CPU
		{D3DF0E54-7701-42F6-B819-F7A794179808}.Debug|x64.Build.0 = Debug|Any CPU
		{D3DF0E54-7701-42F6-B819-F7A794179808}.Debug|x86.ActiveCfg = Debug|Any CPU
		{D3DF0E54-7701-42F6-B819-F7A794179808}.Debug|x86.Build.0 = Debug|Any CPU
		{D3DF0E54-7701-42F6-B819-F7A794179808}.Release|Any CPU.ActiveCfg = Release|Any CPU
		{D3DF0E54-7701-42F6-B819-F7A794179808}.Release|Any CPU.Build.0 = Release|Any CPU
		{D3DF0E54-7701-42F6-B819-F7A794179808}.Release|x64.ActiveCfg = Release|Any CPU
		{D3DF0E54-7701-42F6-B819-F7A794179808}.Release|x64.Build.0 = Release|Any CPU
		{D3DF0E54-7701-42F6-B819-F7A794179808}.Release|x86.ActiveCfg = Release|Any CPU
		{D3DF0E54-7701-42F6-B819-F7A794179808}.Release|x86.Build.0 = Release|Any CPU
		{B258C1C7-F035-42C7-9D48-21032272D181}.Debug|Any CPU.ActiveCfg = Debug|Any CPU
		{B258C1C7-F035-42C7-9D48-21032272D181}.Debug|Any CPU.Build.0 = Debug|Any CPU
		{B258C1C7-F035-42C7-9D48-21032272D181}.Debug|x64.ActiveCfg = Debug|Any CPU
		{B258C1C7-F035-42C7-9D48-21032272D181}.Debug|x64.Build.0 = Debug|Any CPU
		{B258C1C7-F035-42C7-9D48-21032272D181}.Debug|x86.ActiveCfg = Debug|Any CPU
		{B258C1C7-F035-42C7-9D48-21032272D181}.Debug|x86.Build.0 = Debug|Any CPU
		{B258C1C7-F035-42C7-9D48-21032272D181}.Release|Any CPU.ActiveCfg = Release|Any CPU
		{B258C1C7-F035-42C7-9D48-21032272D181}.Release|Any CPU.Build.0 = Release|Any CPU
		{B258C1C7-F035-42C7-9D48-21032272D181}.Release|x64.ActiveCfg = Release|Any CPU
		{B258C1C7-F035-42C7-9D48-21032272D181}.Release|x64.Build.0 = Release|Any CPU
		{B258C1C7-F035-42C7-9D48-21032272D181}.Release|x86.ActiveCfg = Release|Any CPU
		{B258C1C7-F035-42C7-9D48-21032272D181}.Release|x86.Build.0 = Release|Any CPU
		{AB207A62-0D69-4DF3-B8D1-1E9B7E5B2521}.Debug|Any CPU.ActiveCfg = Debug|Any CPU
		{AB207A62-0D69-4DF3-B8D1-1E9B7E5B2521}.Debug|Any CPU.Build.0 = Debug|Any CPU
		{AB207A62-0D69-4DF3-B8D1-1E9B7E5B2521}.Debug|x64.ActiveCfg = Debug|Any CPU
		{AB207A62-0D69-4DF3-B8D1-1E9B7E5B2521}.Debug|x64.Build.0 = Debug|Any CPU
		{AB207A62-0D69-4DF3-B8D1-1E9B7E5B2521}.Debug|x86.ActiveCfg = Debug|Any CPU
		{AB207A62-0D69-4DF3-B8D1-1E9B7E5B2521}.Debug|x86.Build.0 = Debug|Any CPU
		{AB207A62-0D69-4DF3-B8D1-1E9B7E5B2521}.Release|Any CPU.ActiveCfg = Release|Any CPU
		{AB207A62-0D69-4DF3-B8D1-1E9B7E5B2521}.Release|Any CPU.Build.0 = Release|Any CPU
		{AB207A62-0D69-4DF3-B8D1-1E9B7E5B2521}.Release|x64.ActiveCfg = Release|Any CPU
		{AB207A62-0D69-4DF3-B8D1-1E9B7E5B2521}.Release|x64.Build.0 = Release|Any CPU
		{AB207A62-0D69-4DF3-B8D1-1E9B7E5B2521}.Release|x86.ActiveCfg = Release|Any CPU
		{AB207A62-0D69-4DF3-B8D1-1E9B7E5B2521}.Release|x86.Build.0 = Release|Any CPU
	EndGlobalSection
	GlobalSection(NestedProjects) = preSolution
		{D3DF0E54-7701-42F6-B819-F7A794179808} = {36CFE829-5CE7-4C51-9467-A41E3F7E31FD}
		{B258C1C7-F035-42C7-9D48-21032272D181} = {36CFE829-5CE7-4C51-9467-A41E3F7E31FD}
	EndGlobalSection
EndGlobal
