
Microsoft Visual Studio Solution File, Format Version 12.00
# Visual Studio 15
VisualStudioVersion = 15.0.28307.1145
MinimumVisualStudioVersion = 10.0.40219.1
Project("{FAE04EC0-301F-11D3-BF4B-00C04F79EFBC}") = "TDonCashless.Domain.Core", "Domain\TDonCashless.Domain.Core.csproj", "{AB207A62-0D69-4DF3-B8D1-1E9B7E5B2521}"
EndProject
Project("{FAE04EC0-301F-11D3-BF4B-00C04F79EFBC}") = "TDonCashless.BusLayer", "BusLayer\TDonCashless.BusLayer.csproj", "{4A78ED35-D806-4147-B592-599EBCCE9D09}"
EndProject
Project("{FAE04EC0-301F-11D3-BF4B-00C04F79EFBC}") = "TDonCashless.IOCLayer", "IOCLayer\TDonCashless.IOCLayer.csproj", "{5D13233E-462E-4E77-9A10-BC7878A79EC4}"
EndProject
Project("{2150E333-8FDC-42A3-9474-1A3956D46DE8}") = "Microservices", "Microservices", "{179E05FE-5D58-4D42-871E-FA8DA45C58B4}"
EndProject
Project("{2150E333-8FDC-42A3-9474-1A3956D46DE8}") = "CreateCustomerCard", "CreateCustomerCard", "{164ED84D-D4A9-41AA-802C-F1F1C6DD83BA}"
EndProject
Project("{FAE04EC0-301F-11D3-BF4B-00C04F79EFBC}") = "TDonCashless.Microservices.CreateCustomerCard.API", "Microservices\CreateCustomerCard\API\TDonCashless.Microservices.CreateCustomerCard.API.csproj", "{7FC56D2B-C181-4A49-B66C-349FCD767699}"
EndProject
Project("{FAE04EC0-301F-11D3-BF4B-00C04F79EFBC}") = "TDonCashless.Microservices.CreateCustomerCard.Application", "Microservices\CreateCustomerCard\Application\TDonCashless.Microservices.CreateCustomerCard.Application.csproj", "{CB6BF78C-6169-4E49-89C3-7AC66C498A38}"
EndProject
Project("{FAE04EC0-301F-11D3-BF4B-00C04F79EFBC}") = "TDonCashless.Microservices.CreateCustomerCard.Data", "Microservices\CreateCustomerCard\Data\TDonCashless.Microservices.CreateCustomerCard.Data.csproj", "{960B7740-21A9-4A77-9658-F7D08EC1C246}"
EndProject
Project("{FAE04EC0-301F-11D3-BF4B-00C04F79EFBC}") = "TDonCashless.Microservices.CreateCustomerCard.Domain", "Microservices\CreateCustomerCard\Domain\TDonCashless.Microservices.CreateCustomerCard.Domain.csproj", "{F9BC5335-5615-45CF-A577-ADB10D566F43}"
EndProject
Project("{2150E333-8FDC-42A3-9474-1A3956D46DE8}") = "ValidateToken", "ValidateToken", "{5B1D8F32-CDAF-4100-858F-AC22A0D0366B}"
EndProject
Project("{FAE04EC0-301F-11D3-BF4B-00C04F79EFBC}") = "TDonCashless.Microservices.ValidateToken.API", "Microservices\ValidateToken\API\TDonCashless.Microservices.ValidateToken.API.csproj", "{3340D47E-122F-41D9-B133-0C85B97C3AA2}"
EndProject
Project("{FAE04EC0-301F-11D3-BF4B-00C04F79EFBC}") = "TDonCashless.Microservices.ValidateToken.Application", "Microservices\ValidateToken\Application\TDonCashless.Microservices.ValidateToken.Application.csproj", "{10042AA3-B2A5-4818-8CE3-C073576210AD}"
EndProject
Project("{FAE04EC0-301F-11D3-BF4B-00C04F79EFBC}") = "TDonCashless.Microservices.ValidateToken.Data", "Microservices\ValidateToken\Data\TDonCashless.Microservices.ValidateToken.Data.csproj", "{65AF7C94-2D31-44A1-8FE0-AE536ADFAF99}"
EndProject
Project("{FAE04EC0-301F-11D3-BF4B-00C04F79EFBC}") = "TDonCashless.Microservices.ValidateToken.Domain", "Microservices\ValidateToken\Domain\TDonCashless.Microservices.ValidateToken.Domain.csproj", "{DB269667-B4E8-430A-87B7-327C91C5D40A}"
EndProject
Project("{2150E333-8FDC-42A3-9474-1A3956D46DE8}") = "Gateway", "Gateway", "{278ECAAD-660C-4D33-89B2-9AE854A02353}"
EndProject
Project("{FAE04EC0-301F-11D3-BF4B-00C04F79EFBC}") = "TDonCashless.Microservices.Gateway.API", "Microservices\Gateway\API\TDonCashless.Microservices.Gateway.API.csproj", "{61CFB08C-64F7-4720-BD64-9A4BC4566990}"
EndProject
Global
	GlobalSection(SolutionProperties) = preSolution
		HideSolutionNode = FALSE
	EndGlobalSection
	GlobalSection(ExtensibilityGlobals) = postSolution
		SolutionGuid = {0B2A5CA1-FFD7-417A-B708-4E9081D4DEBC}
	EndGlobalSection
	GlobalSection(SolutionConfigurationPlatforms) = preSolution
		Debug|Any CPU = Debug|Any CPU
		Debug|x64 = Debug|x64
		Debug|x86 = Debug|x86
		Release|Any CPU = Release|Any CPU
		Release|x64 = Release|x64
		Release|x86 = Release|x86
	EndGlobalSection
	GlobalSection(ProjectConfigurationPlatforms) = postSolution
		{D3DF0E54-7701-42F6-B819-F7A794179808}.Debug|Any CPU.ActiveCfg = Debug|Any CPU
		{D3DF0E54-7701-42F6-B819-F7A794179808}.Debug|Any CPU.Build.0 = Debug|Any CPU
		{D3DF0E54-7701-42F6-B819-F7A794179808}.Debug|x64.ActiveCfg = Debug|Any CPU
		{D3DF0E54-7701-42F6-B819-F7A794179808}.Debug|x64.Build.0 = Debug|Any CPU
		{D3DF0E54-7701-42F6-B819-F7A794179808}.Debug|x86.ActiveCfg = Debug|Any CPU
		{D3DF0E54-7701-42F6-B819-F7A794179808}.Debug|x86.Build.0 = Debug|Any CPU
		{D3DF0E54-7701-42F6-B819-F7A794179808}.Release|Any CPU.ActiveCfg = Release|Any CPU
		{D3DF0E54-7701-42F6-B819-F7A794179808}.Release|Any CPU.Build.0 = Release|Any CPU
		{D3DF0E54-7701-42F6-B819-F7A794179808}.Release|x64.ActiveCfg = Release|Any CPU
		{D3DF0E54-7701-42F6-B819-F7A794179808}.Release|x64.Build.0 = Release|Any CPU
		{D3DF0E54-7701-42F6-B819-F7A794179808}.Release|x86.ActiveCfg = Release|Any CPU
		{D3DF0E54-7701-42F6-B819-F7A794179808}.Release|x86.Build.0 = Release|Any CPU
		{B258C1C7-F035-42C7-9D48-21032272D181}.Debug|Any CPU.ActiveCfg = Debug|Any CPU
		{B258C1C7-F035-42C7-9D48-21032272D181}.Debug|Any CPU.Build.0 = Debug|Any CPU
		{B258C1C7-F035-42C7-9D48-21032272D181}.Debug|x64.ActiveCfg = Debug|Any CPU
		{B258C1C7-F035-42C7-9D48-21032272D181}.Debug|x64.Build.0 = Debug|Any CPU
		{B258C1C7-F035-42C7-9D48-21032272D181}.Debug|x86.ActiveCfg = Debug|Any CPU
		{B258C1C7-F035-42C7-9D48-21032272D181}.Debug|x86.Build.0 = Debug|Any CPU
		{B258C1C7-F035-42C7-9D48-21032272D181}.Release|Any CPU.ActiveCfg = Release|Any CPU
		{B258C1C7-F035-42C7-9D48-21032272D181}.Release|Any CPU.Build.0 = Release|Any CPU
		{B258C1C7-F035-42C7-9D48-21032272D181}.Release|x64.ActiveCfg = Release|Any CPU
		{B258C1C7-F035-42C7-9D48-21032272D181}.Release|x64.Build.0 = Release|Any CPU
		{B258C1C7-F035-42C7-9D48-21032272D181}.Release|x86.ActiveCfg = Release|Any CPU
		{B258C1C7-F035-42C7-9D48-21032272D181}.Release|x86.Build.0 = Release|Any CPU
		{AB207A62-0D69-4DF3-B8D1-1E9B7E5B2521}.Debug|Any CPU.ActiveCfg = Debug|Any CPU
		{AB207A62-0D69-4DF3-B8D1-1E9B7E5B2521}.Debug|Any CPU.Build.0 = Debug|Any CPU
		{AB207A62-0D69-4DF3-B8D1-1E9B7E5B2521}.Debug|x64.ActiveCfg = Debug|Any CPU
		{AB207A62-0D69-4DF3-B8D1-1E9B7E5B2521}.Debug|x64.Build.0 = Debug|Any CPU
		{AB207A62-0D69-4DF3-B8D1-1E9B7E5B2521}.Debug|x86.ActiveCfg = Debug|Any CPU
		{AB207A62-0D69-4DF3-B8D1-1E9B7E5B2521}.Debug|x86.Build.0 = Debug|Any CPU
		{AB207A62-0D69-4DF3-B8D1-1E9B7E5B2521}.Release|Any CPU.ActiveCfg = Release|Any CPU
		{AB207A62-0D69-4DF3-B8D1-1E9B7E5B2521}.Release|Any CPU.Build.0 = Release|Any CPU
		{AB207A62-0D69-4DF3-B8D1-1E9B7E5B2521}.Release|x64.ActiveCfg = Release|Any CPU
		{AB207A62-0D69-4DF3-B8D1-1E9B7E5B2521}.Release|x64.Build.0 = Release|Any CPU
		{AB207A62-0D69-4DF3-B8D1-1E9B7E5B2521}.Release|x86.ActiveCfg = Release|Any CPU
		{AB207A62-0D69-4DF3-B8D1-1E9B7E5B2521}.Release|x86.Build.0 = Release|Any CPU
		{4A78ED35-D806-4147-B592-599EBCCE9D09}.Debug|Any CPU.ActiveCfg = Debug|Any CPU
		{4A78ED35-D806-4147-B592-599EBCCE9D09}.Debug|Any CPU.Build.0 = Debug|Any CPU
		{4A78ED35-D806-4147-B592-599EBCCE9D09}.Debug|x64.ActiveCfg = Debug|Any CPU
		{4A78ED35-D806-4147-B592-599EBCCE9D09}.Debug|x64.Build.0 = Debug|Any CPU
		{4A78ED35-D806-4147-B592-599EBCCE9D09}.Debug|x86.ActiveCfg = Debug|Any CPU
		{4A78ED35-D806-4147-B592-599EBCCE9D09}.Debug|x86.Build.0 = Debug|Any CPU
		{4A78ED35-D806-4147-B592-599EBCCE9D09}.Release|Any CPU.ActiveCfg = Release|Any CPU
		{4A78ED35-D806-4147-B592-599EBCCE9D09}.Release|Any CPU.Build.0 = Release|Any CPU
		{4A78ED35-D806-4147-B592-599EBCCE9D09}.Release|x64.ActiveCfg = Release|Any CPU
		{4A78ED35-D806-4147-B592-599EBCCE9D09}.Release|x64.Build.0 = Release|Any CPU
		{4A78ED35-D806-4147-B592-599EBCCE9D09}.Release|x86.ActiveCfg = Release|Any CPU
		{4A78ED35-D806-4147-B592-599EBCCE9D09}.Release|x86.Build.0 = Release|Any CPU
		{5D13233E-462E-4E77-9A10-BC7878A79EC4}.Debug|Any CPU.ActiveCfg = Debug|Any CPU
		{5D13233E-462E-4E77-9A10-BC7878A79EC4}.Debug|Any CPU.Build.0 = Debug|Any CPU
		{5D13233E-462E-4E77-9A10-BC7878A79EC4}.Debug|x64.ActiveCfg = Debug|Any CPU
		{5D13233E-462E-4E77-9A10-BC7878A79EC4}.Debug|x64.Build.0 = Debug|Any CPU
		{5D13233E-462E-4E77-9A10-BC7878A79EC4}.Debug|x86.ActiveCfg = Debug|Any CPU
		{5D13233E-462E-4E77-9A10-BC7878A79EC4}.Debug|x86.Build.0 = Debug|Any CPU
		{5D13233E-462E-4E77-9A10-BC7878A79EC4}.Release|Any CPU.ActiveCfg = Release|Any CPU
		{5D13233E-462E-4E77-9A10-BC7878A79EC4}.Release|Any CPU.Build.0 = Release|Any CPU
		{5D13233E-462E-4E77-9A10-BC7878A79EC4}.Release|x64.ActiveCfg = Release|Any CPU
		{5D13233E-462E-4E77-9A10-BC7878A79EC4}.Release|x64.Build.0 = Release|Any CPU
		{5D13233E-462E-4E77-9A10-BC7878A79EC4}.Release|x86.ActiveCfg = Release|Any CPU
		{5D13233E-462E-4E77-9A10-BC7878A79EC4}.Release|x86.Build.0 = Release|Any CPU
		{7FC56D2B-C181-4A49-B66C-349FCD767699}.Debug|Any CPU.ActiveCfg = Debug|Any CPU
		{7FC56D2B-C181-4A49-B66C-349FCD767699}.Debug|Any CPU.Build.0 = Debug|Any CPU
		{7FC56D2B-C181-4A49-B66C-349FCD767699}.Debug|x64.ActiveCfg = Debug|Any CPU
		{7FC56D2B-C181-4A49-B66C-349FCD767699}.Debug|x64.Build.0 = Debug|Any CPU
		{7FC56D2B-C181-4A49-B66C-349FCD767699}.Debug|x86.ActiveCfg = Debug|Any CPU
		{7FC56D2B-C181-4A49-B66C-349FCD767699}.Debug|x86.Build.0 = Debug|Any CPU
		{7FC56D2B-C181-4A49-B66C-349FCD767699}.Release|Any CPU.ActiveCfg = Release|Any CPU
		{7FC56D2B-C181-4A49-B66C-349FCD767699}.Release|Any CPU.Build.0 = Release|Any CPU
		{7FC56D2B-C181-4A49-B66C-349FCD767699}.Release|x64.ActiveCfg = Release|Any CPU
		{7FC56D2B-C181-4A49-B66C-349FCD767699}.Release|x64.Build.0 = Release|Any CPU
		{7FC56D2B-C181-4A49-B66C-349FCD767699}.Release|x86.ActiveCfg = Release|Any CPU
		{7FC56D2B-C181-4A49-B66C-349FCD767699}.Release|x86.Build.0 = Release|Any CPU
		{CB6BF78C-6169-4E49-89C3-7AC66C498A38}.Debug|Any CPU.ActiveCfg = Debug|Any CPU
		{CB6BF78C-6169-4E49-89C3-7AC66C498A38}.Debug|Any CPU.Build.0 = Debug|Any CPU
		{CB6BF78C-6169-4E49-89C3-7AC66C498A38}.Debug|x64.ActiveCfg = Debug|Any CPU
		{CB6BF78C-6169-4E49-89C3-7AC66C498A38}.Debug|x64.Build.0 = Debug|Any CPU
		{CB6BF78C-6169-4E49-89C3-7AC66C498A38}.Debug|x86.ActiveCfg = Debug|Any CPU
		{CB6BF78C-6169-4E49-89C3-7AC66C498A38}.Debug|x86.Build.0 = Debug|Any CPU
		{CB6BF78C-6169-4E49-89C3-7AC66C498A38}.Release|Any CPU.ActiveCfg = Release|Any CPU
		{CB6BF78C-6169-4E49-89C3-7AC66C498A38}.Release|Any CPU.Build.0 = Release|Any CPU
		{CB6BF78C-6169-4E49-89C3-7AC66C498A38}.Release|x64.ActiveCfg = Release|Any CPU
		{CB6BF78C-6169-4E49-89C3-7AC66C498A38}.Release|x64.Build.0 = Release|Any CPU
		{CB6BF78C-6169-4E49-89C3-7AC66C498A38}.Release|x86.ActiveCfg = Release|Any CPU
		{CB6BF78C-6169-4E49-89C3-7AC66C498A38}.Release|x86.Build.0 = Release|Any CPU
		{960B7740-21A9-4A77-9658-F7D08EC1C246}.Debug|Any CPU.ActiveCfg = Debug|Any CPU
		{960B7740-21A9-4A77-9658-F7D08EC1C246}.Debug|Any CPU.Build.0 = Debug|Any CPU
		{960B7740-21A9-4A77-9658-F7D08EC1C246}.Debug|x64.ActiveCfg = Debug|Any CPU
		{960B7740-21A9-4A77-9658-F7D08EC1C246}.Debug|x64.Build.0 = Debug|Any CPU
		{960B7740-21A9-4A77-9658-F7D08EC1C246}.Debug|x86.ActiveCfg = Debug|Any CPU
		{960B7740-21A9-4A77-9658-F7D08EC1C246}.Debug|x86.Build.0 = Debug|Any CPU
		{960B7740-21A9-4A77-9658-F7D08EC1C246}.Release|Any CPU.ActiveCfg = Release|Any CPU
		{960B7740-21A9-4A77-9658-F7D08EC1C246}.Release|Any CPU.Build.0 = Release|Any CPU
		{960B7740-21A9-4A77-9658-F7D08EC1C246}.Release|x64.ActiveCfg = Release|Any CPU
		{960B7740-21A9-4A77-9658-F7D08EC1C246}.Release|x64.Build.0 = Release|Any CPU
		{960B7740-21A9-4A77-9658-F7D08EC1C246}.Release|x86.ActiveCfg = Release|Any CPU
		{960B7740-21A9-4A77-9658-F7D08EC1C246}.Release|x86.Build.0 = Release|Any CPU
		{F9BC5335-5615-45CF-A577-ADB10D566F43}.Debug|Any CPU.ActiveCfg = Debug|Any CPU
		{F9BC5335-5615-45CF-A577-ADB10D566F43}.Debug|Any CPU.Build.0 = Debug|Any CPU
		{F9BC5335-5615-45CF-A577-ADB10D566F43}.Debug|x64.ActiveCfg = Debug|Any CPU
		{F9BC5335-5615-45CF-A577-ADB10D566F43}.Debug|x64.Build.0 = Debug|Any CPU
		{F9BC5335-5615-45CF-A577-ADB10D566F43}.Debug|x86.ActiveCfg = Debug|Any CPU
		{F9BC5335-5615-45CF-A577-ADB10D566F43}.Debug|x86.Build.0 = Debug|Any CPU
		{F9BC5335-5615-45CF-A577-ADB10D566F43}.Release|Any CPU.ActiveCfg = Release|Any CPU
		{F9BC5335-5615-45CF-A577-ADB10D566F43}.Release|Any CPU.Build.0 = Release|Any CPU
		{F9BC5335-5615-45CF-A577-ADB10D566F43}.Release|x64.ActiveCfg = Release|Any CPU
		{F9BC5335-5615-45CF-A577-ADB10D566F43}.Release|x64.Build.0 = Release|Any CPU
		{F9BC5335-5615-45CF-A577-ADB10D566F43}.Release|x86.ActiveCfg = Release|Any CPU
		{F9BC5335-5615-45CF-A577-ADB10D566F43}.Release|x86.Build.0 = Release|Any CPU
		{3340D47E-122F-41D9-B133-0C85B97C3AA2}.Debug|Any CPU.ActiveCfg = Debug|Any CPU
		{3340D47E-122F-41D9-B133-0C85B97C3AA2}.Debug|Any CPU.Build.0 = Debug|Any CPU
		{3340D47E-122F-41D9-B133-0C85B97C3AA2}.Debug|x64.ActiveCfg = Debug|Any CPU
		{3340D47E-122F-41D9-B133-0C85B97C3AA2}.Debug|x64.Build.0 = Debug|Any CPU
		{3340D47E-122F-41D9-B133-0C85B97C3AA2}.Debug|x86.ActiveCfg = Debug|Any CPU
		{3340D47E-122F-41D9-B133-0C85B97C3AA2}.Debug|x86.Build.0 = Debug|Any CPU
		{3340D47E-122F-41D9-B133-0C85B97C3AA2}.Release|Any CPU.ActiveCfg = Release|Any CPU
		{3340D47E-122F-41D9-B133-0C85B97C3AA2}.Release|Any CPU.Build.0 = Release|Any CPU
		{3340D47E-122F-41D9-B133-0C85B97C3AA2}.Release|x64.ActiveCfg = Release|Any CPU
		{3340D47E-122F-41D9-B133-0C85B97C3AA2}.Release|x64.Build.0 = Release|Any CPU
		{3340D47E-122F-41D9-B133-0C85B97C3AA2}.Release|x86.ActiveCfg = Release|Any CPU
		{3340D47E-122F-41D9-B133-0C85B97C3AA2}.Release|x86.Build.0 = Release|Any CPU
		{10042AA3-B2A5-4818-8CE3-C073576210AD}.Debug|Any CPU.ActiveCfg = Debug|Any CPU
		{10042AA3-B2A5-4818-8CE3-C073576210AD}.Debug|Any CPU.Build.0 = Debug|Any CPU
		{10042AA3-B2A5-4818-8CE3-C073576210AD}.Debug|x64.ActiveCfg = Debug|Any CPU
		{10042AA3-B2A5-4818-8CE3-C073576210AD}.Debug|x64.Build.0 = Debug|Any CPU
		{10042AA3-B2A5-4818-8CE3-C073576210AD}.Debug|x86.ActiveCfg = Debug|Any CPU
		{10042AA3-B2A5-4818-8CE3-C073576210AD}.Debug|x86.Build.0 = Debug|Any CPU
		{10042AA3-B2A5-4818-8CE3-C073576210AD}.Release|Any CPU.ActiveCfg = Release|Any CPU
		{10042AA3-B2A5-4818-8CE3-C073576210AD}.Release|Any CPU.Build.0 = Release|Any CPU
		{10042AA3-B2A5-4818-8CE3-C073576210AD}.Release|x64.ActiveCfg = Release|Any CPU
		{10042AA3-B2A5-4818-8CE3-C073576210AD}.Release|x64.Build.0 = Release|Any CPU
		{10042AA3-B2A5-4818-8CE3-C073576210AD}.Release|x86.ActiveCfg = Release|Any CPU
		{10042AA3-B2A5-4818-8CE3-C073576210AD}.Release|x86.Build.0 = Release|Any CPU
		{65AF7C94-2D31-44A1-8FE0-AE536ADFAF99}.Debug|Any CPU.ActiveCfg = Debug|Any CPU
		{65AF7C94-2D31-44A1-8FE0-AE536ADFAF99}.Debug|Any CPU.Build.0 = Debug|Any CPU
		{65AF7C94-2D31-44A1-8FE0-AE536ADFAF99}.Debug|x64.ActiveCfg = Debug|Any CPU
		{65AF7C94-2D31-44A1-8FE0-AE536ADFAF99}.Debug|x64.Build.0 = Debug|Any CPU
		{65AF7C94-2D31-44A1-8FE0-AE536ADFAF99}.Debug|x86.ActiveCfg = Debug|Any CPU
		{65AF7C94-2D31-44A1-8FE0-AE536ADFAF99}.Debug|x86.Build.0 = Debug|Any CPU
		{65AF7C94-2D31-44A1-8FE0-AE536ADFAF99}.Release|Any CPU.ActiveCfg = Release|Any CPU
		{65AF7C94-2D31-44A1-8FE0-AE536ADFAF99}.Release|Any CPU.Build.0 = Release|Any CPU
		{65AF7C94-2D31-44A1-8FE0-AE536ADFAF99}.Release|x64.ActiveCfg = Release|Any CPU
		{65AF7C94-2D31-44A1-8FE0-AE536ADFAF99}.Release|x64.Build.0 = Release|Any CPU
		{65AF7C94-2D31-44A1-8FE0-AE536ADFAF99}.Release|x86.ActiveCfg = Release|Any CPU
		{65AF7C94-2D31-44A1-8FE0-AE536ADFAF99}.Release|x86.Build.0 = Release|Any CPU
		{DB269667-B4E8-430A-87B7-327C91C5D40A}.Debug|Any CPU.ActiveCfg = Debug|Any CPU
		{DB269667-B4E8-430A-87B7-327C91C5D40A}.Debug|Any CPU.Build.0 = Debug|Any CPU
		{DB269667-B4E8-430A-87B7-327C91C5D40A}.Debug|x64.ActiveCfg = Debug|Any CPU
		{DB269667-B4E8-430A-87B7-327C91C5D40A}.Debug|x64.Build.0 = Debug|Any CPU
		{DB269667-B4E8-430A-87B7-327C91C5D40A}.Debug|x86.ActiveCfg = Debug|Any CPU
		{DB269667-B4E8-430A-87B7-327C91C5D40A}.Debug|x86.Build.0 = Debug|Any CPU
		{DB269667-B4E8-430A-87B7-327C91C5D40A}.Release|Any CPU.ActiveCfg = Release|Any CPU
		{DB269667-B4E8-430A-87B7-327C91C5D40A}.Release|Any CPU.Build.0 = Release|Any CPU
		{DB269667-B4E8-430A-87B7-327C91C5D40A}.Release|x64.ActiveCfg = Release|Any CPU
		{DB269667-B4E8-430A-87B7-327C91C5D40A}.Release|x64.Build.0 = Release|Any CPU
		{DB269667-B4E8-430A-87B7-327C91C5D40A}.Release|x86.ActiveCfg = Release|Any CPU
		{DB269667-B4E8-430A-87B7-327C91C5D40A}.Release|x86.Build.0 = Release|Any CPU
		{61CFB08C-64F7-4720-BD64-9A4BC4566990}.Debug|Any CPU.ActiveCfg = Debug|Any CPU
		{61CFB08C-64F7-4720-BD64-9A4BC4566990}.Debug|Any CPU.Build.0 = Debug|Any CPU
		{61CFB08C-64F7-4720-BD64-9A4BC4566990}.Debug|x64.ActiveCfg = Debug|Any CPU
		{61CFB08C-64F7-4720-BD64-9A4BC4566990}.Debug|x64.Build.0 = Debug|Any CPU
		{61CFB08C-64F7-4720-BD64-9A4BC4566990}.Debug|x86.ActiveCfg = Debug|Any CPU
		{61CFB08C-64F7-4720-BD64-9A4BC4566990}.Debug|x86.Build.0 = Debug|Any CPU
		{61CFB08C-64F7-4720-BD64-9A4BC4566990}.Release|Any CPU.ActiveCfg = Release|Any CPU
		{61CFB08C-64F7-4720-BD64-9A4BC4566990}.Release|Any CPU.Build.0 = Release|Any CPU
		{61CFB08C-64F7-4720-BD64-9A4BC4566990}.Release|x64.ActiveCfg = Release|Any CPU
		{61CFB08C-64F7-4720-BD64-9A4BC4566990}.Release|x64.Build.0 = Release|Any CPU
		{61CFB08C-64F7-4720-BD64-9A4BC4566990}.Release|x86.ActiveCfg = Release|Any CPU
		{61CFB08C-64F7-4720-BD64-9A4BC4566990}.Release|x86.Build.0 = Release|Any CPU
	EndGlobalSection
	GlobalSection(NestedProjects) = preSolution
		{164ED84D-D4A9-41AA-802C-F1F1C6DD83BA} = {179E05FE-5D58-4D42-871E-FA8DA45C58B4}
		{7FC56D2B-C181-4A49-B66C-349FCD767699} = {164ED84D-D4A9-41AA-802C-F1F1C6DD83BA}
		{CB6BF78C-6169-4E49-89C3-7AC66C498A38} = {164ED84D-D4A9-41AA-802C-F1F1C6DD83BA}
		{960B7740-21A9-4A77-9658-F7D08EC1C246} = {164ED84D-D4A9-41AA-802C-F1F1C6DD83BA}
		{F9BC5335-5615-45CF-A577-ADB10D566F43} = {164ED84D-D4A9-41AA-802C-F1F1C6DD83BA}
		{5B1D8F32-CDAF-4100-858F-AC22A0D0366B} = {179E05FE-5D58-4D42-871E-FA8DA45C58B4}
		{3340D47E-122F-41D9-B133-0C85B97C3AA2} = {5B1D8F32-CDAF-4100-858F-AC22A0D0366B}
		{10042AA3-B2A5-4818-8CE3-C073576210AD} = {5B1D8F32-CDAF-4100-858F-AC22A0D0366B}
		{65AF7C94-2D31-44A1-8FE0-AE536ADFAF99} = {5B1D8F32-CDAF-4100-858F-AC22A0D0366B}
		{DB269667-B4E8-430A-87B7-327C91C5D40A} = {5B1D8F32-CDAF-4100-858F-AC22A0D0366B}
		{278ECAAD-660C-4D33-89B2-9AE854A02353} = {179E05FE-5D58-4D42-871E-FA8DA45C58B4}
		{61CFB08C-64F7-4720-BD64-9A4BC4566990} = {278ECAAD-660C-4D33-89B2-9AE854A02353}
	EndGlobalSection
EndGlobal
